
Microsoft Visual Studio Solution File, Format Version 12.00
# Visual Studio Version 17
VisualStudioVersion = 17.14.36109.1 d17.14
MinimumVisualStudioVersion = 10.0.40219.1
Project("{FAE04EC0-301F-11D3-BF4B-00C04F79EFBC}") = "SpinXEngine.Api", "SpinXEngine.Api\SpinXEngine.Api.csproj", "{A9B27956-F38B-4257-8FA3-E768E11434C1}"
EndProject
Project("{FAE04EC0-301F-11D3-BF4B-00C04F79EFBC}") = "SpinXEngine.TestWinLogic.App", "SpinXEngin.TestWinLogic.App\SpinXEngine.TestWinLogic.App.csproj", "{CFFDE546-F320-4714-89A2-24847474FC71}"
EndProject
Global
	GlobalSection(SolutionConfigurationPlatforms) = preSolution
		Debug|Any CPU = Debug|Any CPU
		Release|Any CPU = Release|Any CPU
	EndGlobalSection
	GlobalSection(ProjectConfigurationPlatforms) = postSolution
		{A9B27956-F38B-4257-8FA3-E768E11434C1}.Debug|Any CPU.ActiveCfg = Debug|Any CPU
		{A9B27956-F38B-4257-8FA3-E768E11434C1}.Debug|Any CPU.Build.0 = Debug|Any CPU
		{A9B27956-F38B-4257-8FA3-E768E11434C1}.Release|Any CPU.ActiveCfg = Release|Any CPU
		{A9B27956-F38B-4257-8FA3-E768E11434C1}.Release|Any CPU.Build.0 = Release|Any CPU
		{CFFDE546-F320-4714-89A2-24847474FC71}.Debug|Any CPU.ActiveCfg = Debug|Any CPU
		{CFFDE546-F320-4714-89A2-24847474FC71}.Debug|Any CPU.Build.0 = Debug|Any CPU
		{CFFDE546-F320-4714-89A2-24847474FC71}.Release|Any CPU.ActiveCfg = Release|Any CPU
		{CFFDE546-F320-4714-89A2-24847474FC71}.Release|Any CPU.Build.0 = Release|Any CPU
	EndGlobalSection
	GlobalSection(SolutionProperties) = preSolution
		HideSolutionNode = FALSE
	EndGlobalSection
	GlobalSection(ExtensibilityGlobals) = postSolution
		SolutionGuid = {129783BB-A8ED-47B1-9495-15014E977434}
	EndGlobalSection
EndGlobal
